
Microsoft Visual Studio Solution File, Format Version 12.00
# Visual Studio Version 17
VisualStudioVersion = 17.3.32804.467
MinimumVisualStudioVersion = 10.0.40219.1
Project("{9A19103F-16F7-4668-BE54-9A1E7A4F7556}") = "DommunBackend", "DommunBackend\DommunBackend.csproj", "{84EA309D-A3A3-4257-9845-934CA95B2DB0}"
EndProject
Project("{9A19103F-16F7-4668-BE54-9A1E7A4F7556}") = "DomainLayer", "DomainLayer\DomainLayer.csproj", "{435335E3-B9CA-4DAB-9022-E29ABF62C157}"
EndProject
Project("{9A19103F-16F7-4668-BE54-9A1E7A4F7556}") = "RepositoryLayer", "RepositoryLayer\RepositoryLayer.csproj", "{5D1EA1BA-E4EC-4BBF-9C02-30F4EFFC5CE0}"
EndProject
Project("{9A19103F-16F7-4668-BE54-9A1E7A4F7556}") = "ServicesLayer", "ServicesLayer\ServicesLayer.csproj", "{8BF4AA2B-589C-4D4C-A741-C631D28BFBC9}"
EndProject
Project("{FAE04EC0-301F-11D3-BF4B-00C04F79EFBC}") = "Commun", "Commun\Commun.csproj", "{83C962A1-4385-446E-81A0-244AE45C7EDD}"
EndProject
Global
	GlobalSection(SolutionConfigurationPlatforms) = preSolution
		Debug|Any CPU = Debug|Any CPU
		Release|Any CPU = Release|Any CPU
	EndGlobalSection
	GlobalSection(ProjectConfigurationPlatforms) = postSolution
		{84EA309D-A3A3-4257-9845-934CA95B2DB0}.Debug|Any CPU.ActiveCfg = Debug|Any CPU
		{84EA309D-A3A3-4257-9845-934CA95B2DB0}.Debug|Any CPU.Build.0 = Debug|Any CPU
		{84EA309D-A3A3-4257-9845-934CA95B2DB0}.Release|Any CPU.ActiveCfg = Release|Any CPU
		{84EA309D-A3A3-4257-9845-934CA95B2DB0}.Release|Any CPU.Build.0 = Release|Any CPU
		{435335E3-B9CA-4DAB-9022-E29ABF62C157}.Debug|Any CPU.ActiveCfg = Debug|Any CPU
		{435335E3-B9CA-4DAB-9022-E29ABF62C157}.Debug|Any CPU.Build.0 = Debug|Any CPU
		{435335E3-B9CA-4DAB-9022-E29ABF62C157}.Release|Any CPU.ActiveCfg = Release|Any CPU
		{435335E3-B9CA-4DAB-9022-E29ABF62C157}.Release|Any CPU.Build.0 = Release|Any CPU
		{5D1EA1BA-E4EC-4BBF-9C02-30F4EFFC5CE0}.Debug|Any CPU.ActiveCfg = Debug|Any CPU
		{5D1EA1BA-E4EC-4BBF-9C02-30F4EFFC5CE0}.Debug|Any CPU.Build.0 = Debug|Any CPU
		{5D1EA1BA-E4EC-4BBF-9C02-30F4EFFC5CE0}.Release|Any CPU.ActiveCfg = Release|Any CPU
		{5D1EA1BA-E4EC-4BBF-9C02-30F4EFFC5CE0}.Release|Any CPU.Build.0 = Release|Any CPU
		{8BF4AA2B-589C-4D4C-A741-C631D28BFBC9}.Debug|Any CPU.ActiveCfg = Debug|Any CPU
		{8BF4AA2B-589C-4D4C-A741-C631D28BFBC9}.Debug|Any CPU.Build.0 = Debug|Any CPU
		{8BF4AA2B-589C-4D4C-A741-C631D28BFBC9}.Release|Any CPU.ActiveCfg = Release|Any CPU
		{8BF4AA2B-589C-4D4C-A741-C631D28BFBC9}.Release|Any CPU.Build.0 = Release|Any CPU
		{83C962A1-4385-446E-81A0-244AE45C7EDD}.Debug|Any CPU.ActiveCfg = Debug|Any CPU
		{83C962A1-4385-446E-81A0-244AE45C7EDD}.Debug|Any CPU.Build.0 = Debug|Any CPU
		{83C962A1-4385-446E-81A0-244AE45C7EDD}.Release|Any CPU.ActiveCfg = Release|Any CPU
		{83C962A1-4385-446E-81A0-244AE45C7EDD}.Release|Any CPU.Build.0 = Release|Any CPU
	EndGlobalSection
	GlobalSection(SolutionProperties) = preSolution
		HideSolutionNode = FALSE
	EndGlobalSection
	GlobalSection(ExtensibilityGlobals) = postSolution
		SolutionGuid = {B2E771FD-097F-4C07-B87D-A1310F163A0E}
	EndGlobalSection
EndGlobal
