
Microsoft Visual Studio Solution File, Format Version 12.00
# Visual Studio Version 17
VisualStudioVersion = 17.2.32616.157
MinimumVisualStudioVersion = 10.0.40219.1
Project("{9A19103F-16F7-4668-BE54-9A1E7A4F7556}") = "DommunBackend.Api", "DommunBackend.Api\DommunBackend.Api.csproj", "{4ADE4D71-183A-4B43-8CFA-2A5374837DD3}"
EndProject
Project("{9A19103F-16F7-4668-BE54-9A1E7A4F7556}") = "DomainLayer", "DomainLayer\DomainLayer.csproj", "{82FEBFA3-DC87-4327-91A6-624A255B491C}"
EndProject
Project("{9A19103F-16F7-4668-BE54-9A1E7A4F7556}") = "RepositoryLayer", "RepositoryLayer\RepositoryLayer.csproj", "{8A4C5486-F41B-4A04-920C-4D6B72D983B7}"
EndProject
Project("{9A19103F-16F7-4668-BE54-9A1E7A4F7556}") = "ServiceLayer", "ServiceLayer\ServiceLayer.csproj", "{97B282E3-557D-46EA-BF43-A1F9323F41D2}"
EndProject
Project("{FAE04EC0-301F-11D3-BF4B-00C04F79EFBC}") = "Common", "Common\Common.csproj", "{23EE87B4-EF4D-45A9-BDED-A5B34131252E}"
EndProject
Global
	GlobalSection(SolutionConfigurationPlatforms) = preSolution
		Debug|Any CPU = Debug|Any CPU
		Release|Any CPU = Release|Any CPU
	EndGlobalSection
	GlobalSection(ProjectConfigurationPlatforms) = postSolution
		{4ADE4D71-183A-4B43-8CFA-2A5374837DD3}.Debug|Any CPU.ActiveCfg = Debug|Any CPU
		{4ADE4D71-183A-4B43-8CFA-2A5374837DD3}.Debug|Any CPU.Build.0 = Debug|Any CPU
		{4ADE4D71-183A-4B43-8CFA-2A5374837DD3}.Release|Any CPU.ActiveCfg = Release|Any CPU
		{4ADE4D71-183A-4B43-8CFA-2A5374837DD3}.Release|Any CPU.Build.0 = Release|Any CPU
		{82FEBFA3-DC87-4327-91A6-624A255B491C}.Debug|Any CPU.ActiveCfg = Debug|Any CPU
		{82FEBFA3-DC87-4327-91A6-624A255B491C}.Debug|Any CPU.Build.0 = Debug|Any CPU
		{82FEBFA3-DC87-4327-91A6-624A255B491C}.Release|Any CPU.ActiveCfg = Release|Any CPU
		{82FEBFA3-DC87-4327-91A6-624A255B491C}.Release|Any CPU.Build.0 = Release|Any CPU
		{8A4C5486-F41B-4A04-920C-4D6B72D983B7}.Debug|Any CPU.ActiveCfg = Debug|Any CPU
		{8A4C5486-F41B-4A04-920C-4D6B72D983B7}.Debug|Any CPU.Build.0 = Debug|Any CPU
		{8A4C5486-F41B-4A04-920C-4D6B72D983B7}.Release|Any CPU.ActiveCfg = Release|Any CPU
		{8A4C5486-F41B-4A04-920C-4D6B72D983B7}.Release|Any CPU.Build.0 = Release|Any CPU
		{97B282E3-557D-46EA-BF43-A1F9323F41D2}.Debug|Any CPU.ActiveCfg = Debug|Any CPU
		{97B282E3-557D-46EA-BF43-A1F9323F41D2}.Debug|Any CPU.Build.0 = Debug|Any CPU
		{97B282E3-557D-46EA-BF43-A1F9323F41D2}.Release|Any CPU.ActiveCfg = Release|Any CPU
		{97B282E3-557D-46EA-BF43-A1F9323F41D2}.Release|Any CPU.Build.0 = Release|Any CPU
		{23EE87B4-EF4D-45A9-BDED-A5B34131252E}.Debug|Any CPU.ActiveCfg = Debug|Any CPU
		{23EE87B4-EF4D-45A9-BDED-A5B34131252E}.Debug|Any CPU.Build.0 = Debug|Any CPU
		{23EE87B4-EF4D-45A9-BDED-A5B34131252E}.Release|Any CPU.ActiveCfg = Release|Any CPU
		{23EE87B4-EF4D-45A9-BDED-A5B34131252E}.Release|Any CPU.Build.0 = Release|Any CPU
	EndGlobalSection
	GlobalSection(SolutionProperties) = preSolution
		HideSolutionNode = FALSE
	EndGlobalSection
	GlobalSection(ExtensibilityGlobals) = postSolution
		SolutionGuid = {D88D42A9-ECF6-4EB5-B24B-3E1CD8A7D927}
	EndGlobalSection
EndGlobal
